
Microsoft Visual Studio Solution File, Format Version 12.00
# Visual Studio Version 16
VisualStudioVersion = 16.0.31313.79
MinimumVisualStudioVersion = 10.0.40219.1
Project("{FAE04EC0-301F-11D3-BF4B-00C04F79EFBC}") = "TestProjectWithNunit", "TestProjectWithNunit.csproj", "{AD7A8326-CFFA-44F1-B926-72DAEF8B6933}"
EndProject
Global
	GlobalSection(SolutionConfigurationPlatforms) = preSolution
		Debug|Any CPU = Debug|Any CPU
		Release|Any CPU = Release|Any CPU
	EndGlobalSection
	GlobalSection(ProjectConfigurationPlatforms) = postSolution
		{AD7A8326-CFFA-44F1-B926-72DAEF8B6933}.Debug|Any CPU.ActiveCfg = Debug|Any CPU
		{AD7A8326-CFFA-44F1-B926-72DAEF8B6933}.Debug|Any CPU.Build.0 = Debug|Any CPU
		{AD7A8326-CFFA-44F1-B926-72DAEF8B6933}.Release|Any CPU.ActiveCfg = Release|Any CPU
		{AD7A8326-CFFA-44F1-B926-72DAEF8B6933}.Release|Any CPU.Build.0 = Release|Any CPU
	EndGlobalSection
	GlobalSection(SolutionProperties) = preSolution
		HideSolutionNode = FALSE
	EndGlobalSection
	GlobalSection(ExtensibilityGlobals) = postSolution
		SolutionGuid = {8849FB90-74E1-424A-B37C-1673353DE261}
	EndGlobalSection
EndGlobal
